{
    "_readme": [
        "This file locks the dependencies of your project to a known state",
        "Read more about it at http://getcomposer.org/doc/01-basic-usage.md#composer-lock-the-lock-file",
        "This file is @generated automatically"
    ],
    "hash": "7062922ccfe135d4479e54c962f29d16",
    "packages": [
        {
            "name": "icanboogie/inflector",
            "version": "v1.2",
            "source": {
                "type": "git",
                "url": "https://github.com/ICanBoogie/Inflector.git",
                "reference": "4da987927650acb4242d35b27223ec0d55977919"
            },
            "dist": {
                "type": "zip",
                "url": "https://api.github.com/repos/ICanBoogie/Inflector/zipball/4da987927650acb4242d35b27223ec0d55977919",
                "reference": "4da987927650acb4242d35b27223ec0d55977919",
                "shasum": ""
            },
            "require": {
                "php": ">=5.3.0"
            },
            "type": "library",
            "autoload": {
                "classmap": [
                    "lib/"
                ],
                "files": [
                    "lib/helpers.php"
                ]
            },
            "notification-url": "https://packagist.org/downloads/",
            "license": [
                "BSD-3-Clause"
            ],
            "authors": [
                {
                    "name": "Olivier Laviale",
                    "email": "olivier.laviale@gmail.com",
                    "homepage": "http://www.weirdog.com/",
                    "role": "Developer"
                }
            ],
            "description": "The Inflector transforms words from singular to plural, underscore to camel case, titelize words and more.",
            "homepage": "http://icanboogie.org/",
            "keywords": [
                "camelize",
                "hyphenate",
                "inflect",
                "pluralize",
                "singularize",
                "underscore"
            ],
            "time": "2014-01-03 11:19:15"
        },
        {
            "name": "mandrill/mandrill",
            "version": "1.0.53",
            "source": {
                "type": "git",
                "url": "https://bitbucket.org/mailchimp/mandrill-api-php.git",
                "reference": "67c40851204de8680c0a366a6ef19ff8ca95426f"
            },
            "dist": {
                "type": "zip",
                "url": "https://bitbucket.org/mailchimp/mandrill-api-php/get/67c40851204de8680c0a366a6ef19ff8ca95426f.zip",
                "reference": "67c40851204de8680c0a366a6ef19ff8ca95426f",
                "shasum": ""
            },
            "require": {
                "php": ">=5.2.0"
            },
            "type": "library",
            "autoload": {
                "psr-0": {
                    "Mandrill": "src/"
                }
            },
            "notification-url": "https://packagist.org/downloads/",
            "license": [
                "Apache-2.0"
            ],
            "authors": [
                {
                    "name": "Mandrill Devs",
                    "email": "community@mandrill.com",
                    "homepage": "http://mandrill.com",
                    "role": "Developer"
                }
            ],
            "description": "API client library for the Mandrill email as a service platform",
            "homepage": "https://bitbucket.org/mailchimp/mandrill-api-php",
            "keywords": [
                "api",
                "email"
            ],
            "time": "2014-06-26 18:02:01"
        },
        {
            "name": "monolog/monolog",
            "version": "1.10.0",
            "source": {
                "type": "git",
                "url": "https://github.com/Seldaek/monolog.git",
                "reference": "25b16e801979098cb2f120e697bfce454b18bf23"
            },
            "dist": {
                "type": "zip",
                "url": "https://api.github.com/repos/Seldaek/monolog/zipball/25b16e801979098cb2f120e697bfce454b18bf23",
                "reference": "25b16e801979098cb2f120e697bfce454b18bf23",
                "shasum": ""
            },
            "require": {
                "php": ">=5.3.0",
                "psr/log": "~1.0"
            },
            "require-dev": {
                "aws/aws-sdk-php": "~2.4, >2.4.8",
                "doctrine/couchdb": "~1.0@dev",
                "graylog2/gelf-php": "~1.0",
                "phpunit/phpunit": "~3.7.0",
                "raven/raven": "~0.5",
                "ruflin/elastica": "0.90.*"
            },
            "suggest": {
                "aws/aws-sdk-php": "Allow sending log messages to AWS services like DynamoDB",
                "doctrine/couchdb": "Allow sending log messages to a CouchDB server",
                "ext-amqp": "Allow sending log messages to an AMQP server (1.0+ required)",
                "ext-mongo": "Allow sending log messages to a MongoDB server",
                "graylog2/gelf-php": "Allow sending log messages to a GrayLog2 server",
                "raven/raven": "Allow sending log messages to a Sentry server",
                "rollbar/rollbar": "Allow sending log messages to Rollbar",
                "ruflin/elastica": "Allow sending log messages to an Elastic Search server"
            },
            "type": "library",
            "extra": {
                "branch-alias": {
                    "dev-master": "1.10.x-dev"
                }
            },
            "autoload": {
                "psr-4": {
                    "Monolog\\": "src/Monolog"
                }
            },
            "notification-url": "https://packagist.org/downloads/",
            "license": [
                "MIT"
            ],
            "authors": [
                {
                    "name": "Jordi Boggiano",
                    "email": "j.boggiano@seld.be",
                    "homepage": "http://seld.be",
                    "role": "Developer"
                }
            ],
            "description": "Sends your logs to files, sockets, inboxes, databases and various web services",
            "homepage": "http://github.com/Seldaek/monolog",
            "keywords": [
                "log",
                "logging",
                "psr-3"
            ],
            "time": "2014-06-04 16:30:04"
        },
        {
            "name": "mustangostang/spyc",
            "version": "0.5.1",
            "source": {
                "type": "git",
                "url": "https://github.com/mustangostang/spyc.git",
                "reference": "dc4785b4d7227fd9905e086d499fb8abfadf9977"
            },
            "dist": {
                "type": "zip",
                "url": "https://api.github.com/repos/mustangostang/spyc/zipball/dc4785b4d7227fd9905e086d499fb8abfadf9977",
                "reference": "dc4785b4d7227fd9905e086d499fb8abfadf9977",
                "shasum": ""
            },
            "require": {
                "php": ">=5.3.1"
            },
            "type": "library",
            "extra": {
                "branch-alias": {
                    "dev-master": "0.5.x-dev"
                }
            },
            "autoload": {
                "files": [
                    "Spyc.php"
                ]
            },
            "notification-url": "https://packagist.org/downloads/",
            "license": [
                "MIT License"
            ],
            "authors": [
                {
                    "name": "mustangostang",
                    "email": "vlad.andersen@gmail.com"
                }
            ],
            "description": "A simple YAML loader/dumper class for PHP",
            "homepage": "https://github.com/mustangostang/spyc/",
            "keywords": [
                "spyc",
                "yaml",
                "yml"
            ],
            "time": "2013-02-21 10:52:01"
        },
        {
            "name": "psr/log",
            "version": "1.0.0",
            "source": {
                "type": "git",
                "url": "https://github.com/php-fig/log.git",
                "reference": "fe0936ee26643249e916849d48e3a51d5f5e278b"
            },
            "dist": {
                "type": "zip",
                "url": "https://api.github.com/repos/php-fig/log/zipball/fe0936ee26643249e916849d48e3a51d5f5e278b",
                "reference": "fe0936ee26643249e916849d48e3a51d5f5e278b",
                "shasum": ""
            },
            "type": "library",
            "autoload": {
                "psr-0": {
                    "Psr\\Log\\": ""
                }
            },
            "notification-url": "https://packagist.org/downloads/",
            "license": [
                "MIT"
            ],
            "authors": [
                {
                    "name": "PHP-FIG",
                    "homepage": "http://www.php-fig.org/"
                }
            ],
            "description": "Common interface for logging libraries",
            "keywords": [
                "log",
                "psr",
                "psr-3"
            ],
            "time": "2012-12-21 11:40:51"
        },
        {
            "name": "ultractiv/lean",
            "version": "dev-master",
            "source": {
                "type": "git",
                "url": "https://github.com/ultractiv/lean.git",
                "reference": "04a9c78f3e92f5ad3855a73d69856852d83870a8"
            },
            "dist": {
                "type": "zip",
                "url": "https://api.github.com/repos/ultractiv/lean/zipball/04a9c78f3e92f5ad3855a73d69856852d83870a8",
                "reference": "04a9c78f3e92f5ad3855a73d69856852d83870a8",
                "shasum": ""
            },
            "require": {
                "icanboogie/inflector": "*",
                "mustangostang/spyc": "0.5.x",
                "php": ">=5.4.14"
            },
            "type": "library",
            "autoload": {
                "psr-0": {
                    "Lean": "src/"
                }
            },
            "notification-url": "https://packagist.org/downloads/",
            "license": [
                "MIT"
            ],
            "authors": [
                {
                    "name": "Yemi Agbetunsin",
                    "email": "temi.yemi@gmail.com",
                    "homepage": "http://github.com/temiyemi",
                    "role": "Developer"
                }
            ],
            "description": "The PHP framework for simple, REST API backend. It gets out of your way, so you can get your work done.",
            "homepage": "http://github.com/ultractiv/lean",
            "keywords": [
                "api",
                "framework",
                "lean",
                "lean development",
                "mvc",
                "rest"
            ],
            "time": "2014-08-05 13:28:49"
        }
    ],
    "packages-dev": [

    ],
    "aliases": [

    ],
    "minimum-stability": "stable",
    "stability-flags": {
        "ultractiv/lean": 20
    },
    "platform": [

    ],
    "platform-dev": [

    ]
}
